<?xml version="1.0" encoding="utf-8"?>
<Project ToolsVersion="4.0" xmlns="http://schemas.microsoft.com/developer/msbuild/2003">
  <ItemGroup>
    <Filter Include="source">
      <UniqueIdentifier>{4FC737F1-C7A5-4376-A066-2A32D752A2FF}</UniqueIdentifier>
      <Extensions>cpp;c;cc;cxx;def;odl;idl;hpj;bat;asm;asmx</Extensions>
    </Filter>
    <Filter Include="core">
      <UniqueIdentifier>{b441cee5-24e1-4117-9a59-77ea5da9a291}</UniqueIdentifier>
    </Filter>
    <Filter Include="render">
      <UniqueIdentifier>{a28f41b8-a892-47ab-91d9-3f8b25d935e3}</UniqueIdentifier>
    </Filter>
    <Filter Include="core\mathfu">
      <UniqueIdentifier>{a7a1a2e6-ff16-438f-86f5-ecbf105aa880}</UniqueIdentifier>
    </Filter>
    <Filter Include="core\mathfu\internal">
      <UniqueIdentifier>{94af6cfa-ff61-4072-80d0-845333e5e9b6}</UniqueIdentifier>
    </Filter>
    <Filter Include="core\vectorial">
      <UniqueIdentifier>{9a8943bc-d4ce-4d2c-9548-977a542898ac}</UniqueIdentifier>
    </Filter>
    <Filter Include="core\node">
      <UniqueIdentifier>{74675f98-a347-4d50-889c-eab02643e463}</UniqueIdentifier>
    </Filter>
  </ItemGroup>
  <ItemGroup>
    <ClCompile Include="main.cpp">
      <Filter>source</Filter>
    </ClCompile>
    <ClCompile Include="..\..\core\Object.cpp">
      <Filter>core</Filter>
    </ClCompile>
    <ClCompile Include="..\..\render\Render_GLES.cpp">
      <Filter>render</Filter>
    </ClCompile>
    <ClCompile Include="..\..\core\node\Node.cpp">
      <Filter>core\node</Filter>
    </ClCompile>
    <ClCompile Include="..\..\core\node\Sprite.cpp">
      <Filter>core\node</Filter>
    </ClCompile>
  </ItemGroup>
  <ItemGroup>
    <ClInclude Include="..\..\core\Macros.h">
      <Filter>core</Filter>
    </ClInclude>
    <ClInclude Include="..\..\core\Math.h">
      <Filter>core</Filter>
    </ClInclude>
    <ClInclude Include="..\..\core\Object.h">
      <Filter>core</Filter>
    </ClInclude>
    <ClInclude Include="..\..\core\Ref.h">
      <Filter>core</Filter>
    </ClInclude>
    <ClInclude Include="..\..\render\Render_GLES.h">
      <Filter>render</Filter>
    </ClInclude>
    <ClInclude Include="..\..\render\MatrixStack.h">
      <Filter>render</Filter>
    </ClInclude>
    <ClInclude Include="..\..\core\mathfu\constants.h">
      <Filter>core\mathfu</Filter>
    </ClInclude>
    <ClInclude Include="..\..\core\mathfu\glsl_mappings.h">
      <Filter>core\mathfu</Filter>
    </ClInclude>
    <ClInclude Include="..\..\core\mathfu\matrix.h">
      <Filter>core\mathfu</Filter>
    </ClInclude>
    <ClInclude Include="..\..\core\mathfu\matrix_4x4.h">
      <Filter>core\mathfu</Filter>
    </ClInclude>
    <ClInclude Include="..\..\core\mathfu\quaternion.h">
      <Filter>core\mathfu</Filter>
    </ClInclude>
    <ClInclude Include="..\..\core\mathfu\utilities.h">
      <Filter>core\mathfu</Filter>
    </ClInclude>
    <ClInclude Include="..\..\core\mathfu\vector.h">
      <Filter>core\mathfu</Filter>
    </ClInclude>
    <ClInclude Include="..\..\core\mathfu\vector_2.h">
      <Filter>core\mathfu</Filter>
    </ClInclude>
    <ClInclude Include="..\..\core\mathfu\vector_3.h">
      <Filter>core\mathfu</Filter>
    </ClInclude>
    <ClInclude Include="..\..\core\mathfu\vector_4.h">
      <Filter>core\mathfu</Filter>
    </ClInclude>
    <ClInclude Include="..\..\core\mathfu\internal\matrix_4x4_simd.h">
      <Filter>core\mathfu\internal</Filter>
    </ClInclude>
    <ClInclude Include="..\..\core\mathfu\internal\vector_2_simd.h">
      <Filter>core\mathfu\internal</Filter>
    </ClInclude>
    <ClInclude Include="..\..\core\mathfu\internal\vector_3_simd.h">
      <Filter>core\mathfu\internal</Filter>
    </ClInclude>
    <ClInclude Include="..\..\core\mathfu\internal\vector_4_simd.h">
      <Filter>core\mathfu\internal</Filter>
    </ClInclude>
    <ClInclude Include="..\..\core\vectorial\config.h">
      <Filter>core\vectorial</Filter>
    </ClInclude>
    <ClInclude Include="..\..\core\vectorial\mat4f.h">
      <Filter>core\vectorial</Filter>
    </ClInclude>
    <ClInclude Include="..\..\core\vectorial\simd2f.h">
      <Filter>core\vectorial</Filter>
    </ClInclude>
    <ClInclude Include="..\..\core\vectorial\simd2f_common.h">
      <Filter>core\vectorial</Filter>
    </ClInclude>
    <ClInclude Include="..\..\core\vectorial\simd2f_neon.h">
      <Filter>core\vectorial</Filter>
    </ClInclude>
    <ClInclude Include="..\..\core\vectorial\simd4f.h">
      <Filter>core\vectorial</Filter>
    </ClInclude>
    <ClInclude Include="..\..\core\vectorial\simd4f_common.h">
      <Filter>core\vectorial</Filter>
    </ClInclude>
    <ClInclude Include="..\..\core\vectorial\simd4f_gnu.h">
      <Filter>core\vectorial</Filter>
    </ClInclude>
    <ClInclude Include="..\..\core\vectorial\simd4f_neon.h">
      <Filter>core\vectorial</Filter>
    </ClInclude>
    <ClInclude Include="..\..\core\vectorial\simd4f_scalar.h">
      <Filter>core\vectorial</Filter>
    </ClInclude>
    <ClInclude Include="..\..\core\vectorial\simd4f_sse.h">
      <Filter>core\vectorial</Filter>
    </ClInclude>
    <ClInclude Include="..\..\core\vectorial\simd4x4f.h">
      <Filter>core\vectorial</Filter>
    </ClInclude>
    <ClInclude Include="..\..\core\vectorial\simd4x4f_gnu.h">
      <Filter>core\vectorial</Filter>
    </ClInclude>
    <ClInclude Include="..\..\core\vectorial\simd4x4f_neon.h">
      <Filter>core\vectorial</Filter>
    </ClInclude>
    <ClInclude Include="..\..\core\vectorial\simd4x4f_scalar.h">
      <Filter>core\vectorial</Filter>
    </ClInclude>
    <ClInclude Include="..\..\core\vectorial\simd4x4f_sse.h">
      <Filter>core\vectorial</Filter>
    </ClInclude>
    <ClInclude Include="..\..\core\vectorial\vec_convert.h">
      <Filter>core\vectorial</Filter>
    </ClInclude>
    <ClInclude Include="..\..\core\vectorial\vec2f.h">
      <Filter>core\vectorial</Filter>
    </ClInclude>
    <ClInclude Include="..\..\core\vectorial\vec3f.h">
      <Filter>core\vectorial</Filter>
    </ClInclude>
    <ClInclude Include="..\..\core\vectorial\vec4f.h">
      <Filter>core\vectorial</Filter>
    </ClInclude>
    <ClInclude Include="..\..\core\vectorial\vectorial.h">
      <Filter>core\vectorial</Filter>
    </ClInclude>
    <ClInclude Include="..\..\core\node\Node.h">
      <Filter>core\node</Filter>
    </ClInclude>
    <ClInclude Include="..\..\core\node\Sprite.h">
      <Filter>core\node</Filter>
    </ClInclude>
  </ItemGroup>
</Project>