<?xml version="1.0" encoding="utf-8"?>
<Project ToolsVersion="4.0" xmlns="http://schemas.microsoft.com/developer/msbuild/2003">
  <ItemGroup>
    <Filter Include="main">
      <UniqueIdentifier>{4FC737F1-C7A5-4376-A066-2A32D752A2FF}</UniqueIdentifier>
      <Extensions>cpp;c;cc;cxx;def;odl;idl;hpj;bat;asm;asmx</Extensions>
    </Filter>
    <Filter Include="core">
      <UniqueIdentifier>{5e52d661-b083-455f-a14b-de63bc8f416e}</UniqueIdentifier>
    </Filter>
    <Filter Include="core\mathfu">
      <UniqueIdentifier>{4444fc27-8e7c-4e51-bd4f-cbd908d47595}</UniqueIdentifier>
    </Filter>
    <Filter Include="core\vectorial">
      <UniqueIdentifier>{c363684d-8ad9-4388-8db9-b7b5a89b1966}</UniqueIdentifier>
    </Filter>
    <Filter Include="core\mathfu\internal">
      <UniqueIdentifier>{05de7a82-c8b1-4f64-a62f-0c24b32c6f3a}</UniqueIdentifier>
    </Filter>
    <Filter Include="core\node">
      <UniqueIdentifier>{bed3c2e0-b85a-473a-90bd-1c2667775931}</UniqueIdentifier>
    </Filter>
    <Filter Include="render">
      <UniqueIdentifier>{7f35971f-f02d-4309-a006-384fdc061acd}</UniqueIdentifier>
    </Filter>
    <Filter Include="third_partys">
      <UniqueIdentifier>{96c571c5-211b-4ace-b0c8-e6d9439ebb75}</UniqueIdentifier>
    </Filter>
    <Filter Include="third_partys\glew">
      <UniqueIdentifier>{766c77dc-684c-4650-aa47-77d7d78edddc}</UniqueIdentifier>
    </Filter>
    <Filter Include="third_partys\sdl">
      <UniqueIdentifier>{a69cbdd8-55bb-4eb0-a986-fe88f1d98c88}</UniqueIdentifier>
    </Filter>
    <Filter Include="third_partys\glew\GL">
      <UniqueIdentifier>{0a052770-df3a-42ac-988b-b6b6d5d78254}</UniqueIdentifier>
    </Filter>
    <Filter Include="main\examples">
      <UniqueIdentifier>{abf4f922-601a-4b1a-8247-3433389e08af}</UniqueIdentifier>
    </Filter>
  </ItemGroup>
  <ItemGroup>
    <ClCompile Include="main.cpp">
      <Filter>main</Filter>
    </ClCompile>
    <ClCompile Include="..\..\core\node\Node.cpp">
      <Filter>core\node</Filter>
    </ClCompile>
    <ClCompile Include="..\..\core\node\Sprite.cpp">
      <Filter>core\node</Filter>
    </ClCompile>
    <ClCompile Include="..\..\render\Render_GLES.cpp">
      <Filter>render</Filter>
    </ClCompile>
    <ClCompile Include="..\..\core\Object.cpp">
      <Filter>core</Filter>
    </ClCompile>
    <ClCompile Include="..\..\core\node\Scene.cpp">
      <Filter>core\node</Filter>
    </ClCompile>
    <ClCompile Include="..\..\render\Program.cpp">
      <Filter>render</Filter>
    </ClCompile>
  </ItemGroup>
  <ItemGroup>
    <ClInclude Include="..\..\core\mathfu\constants.h">
      <Filter>core\mathfu</Filter>
    </ClInclude>
    <ClInclude Include="..\..\core\mathfu\glsl_mappings.h">
      <Filter>core\mathfu</Filter>
    </ClInclude>
    <ClInclude Include="..\..\core\mathfu\matrix.h">
      <Filter>core\mathfu</Filter>
    </ClInclude>
    <ClInclude Include="..\..\core\mathfu\matrix_4x4.h">
      <Filter>core\mathfu</Filter>
    </ClInclude>
    <ClInclude Include="..\..\core\mathfu\quaternion.h">
      <Filter>core\mathfu</Filter>
    </ClInclude>
    <ClInclude Include="..\..\core\mathfu\utilities.h">
      <Filter>core\mathfu</Filter>
    </ClInclude>
    <ClInclude Include="..\..\core\mathfu\vector.h">
      <Filter>core\mathfu</Filter>
    </ClInclude>
    <ClInclude Include="..\..\core\mathfu\vector_2.h">
      <Filter>core\mathfu</Filter>
    </ClInclude>
    <ClInclude Include="..\..\core\mathfu\vector_3.h">
      <Filter>core\mathfu</Filter>
    </ClInclude>
    <ClInclude Include="..\..\core\mathfu\vector_4.h">
      <Filter>core\mathfu</Filter>
    </ClInclude>
    <ClInclude Include="..\..\core\mathfu\internal\matrix_4x4_simd.h">
      <Filter>core\mathfu\internal</Filter>
    </ClInclude>
    <ClInclude Include="..\..\core\mathfu\internal\vector_2_simd.h">
      <Filter>core\mathfu\internal</Filter>
    </ClInclude>
    <ClInclude Include="..\..\core\mathfu\internal\vector_3_simd.h">
      <Filter>core\mathfu\internal</Filter>
    </ClInclude>
    <ClInclude Include="..\..\core\mathfu\internal\vector_4_simd.h">
      <Filter>core\mathfu\internal</Filter>
    </ClInclude>
    <ClInclude Include="..\..\core\vectorial\config.h">
      <Filter>core\vectorial</Filter>
    </ClInclude>
    <ClInclude Include="..\..\core\vectorial\mat4f.h">
      <Filter>core\vectorial</Filter>
    </ClInclude>
    <ClInclude Include="..\..\core\vectorial\simd2f.h">
      <Filter>core\vectorial</Filter>
    </ClInclude>
    <ClInclude Include="..\..\core\vectorial\simd2f_common.h">
      <Filter>core\vectorial</Filter>
    </ClInclude>
    <ClInclude Include="..\..\core\vectorial\simd2f_neon.h">
      <Filter>core\vectorial</Filter>
    </ClInclude>
    <ClInclude Include="..\..\core\vectorial\simd4f.h">
      <Filter>core\vectorial</Filter>
    </ClInclude>
    <ClInclude Include="..\..\core\vectorial\simd4f_common.h">
      <Filter>core\vectorial</Filter>
    </ClInclude>
    <ClInclude Include="..\..\core\vectorial\simd4f_gnu.h">
      <Filter>core\vectorial</Filter>
    </ClInclude>
    <ClInclude Include="..\..\core\vectorial\simd4f_neon.h">
      <Filter>core\vectorial</Filter>
    </ClInclude>
    <ClInclude Include="..\..\core\vectorial\simd4f_scalar.h">
      <Filter>core\vectorial</Filter>
    </ClInclude>
    <ClInclude Include="..\..\core\vectorial\simd4f_sse.h">
      <Filter>core\vectorial</Filter>
    </ClInclude>
    <ClInclude Include="..\..\core\vectorial\simd4x4f.h">
      <Filter>core\vectorial</Filter>
    </ClInclude>
    <ClInclude Include="..\..\core\vectorial\simd4x4f_gnu.h">
      <Filter>core\vectorial</Filter>
    </ClInclude>
    <ClInclude Include="..\..\core\vectorial\simd4x4f_neon.h">
      <Filter>core\vectorial</Filter>
    </ClInclude>
    <ClInclude Include="..\..\core\vectorial\simd4x4f_scalar.h">
      <Filter>core\vectorial</Filter>
    </ClInclude>
    <ClInclude Include="..\..\core\vectorial\simd4x4f_sse.h">
      <Filter>core\vectorial</Filter>
    </ClInclude>
    <ClInclude Include="..\..\core\vectorial\vec_convert.h">
      <Filter>core\vectorial</Filter>
    </ClInclude>
    <ClInclude Include="..\..\core\vectorial\vec2f.h">
      <Filter>core\vectorial</Filter>
    </ClInclude>
    <ClInclude Include="..\..\core\vectorial\vec3f.h">
      <Filter>core\vectorial</Filter>
    </ClInclude>
    <ClInclude Include="..\..\core\vectorial\vec4f.h">
      <Filter>core\vectorial</Filter>
    </ClInclude>
    <ClInclude Include="..\..\core\vectorial\vectorial.h">
      <Filter>core\vectorial</Filter>
    </ClInclude>
    <ClInclude Include="..\..\core\node\Node.h">
      <Filter>core\node</Filter>
    </ClInclude>
    <ClInclude Include="..\..\core\node\Sprite.h">
      <Filter>core\node</Filter>
    </ClInclude>
    <ClInclude Include="..\..\render\MatrixStack.h">
      <Filter>render</Filter>
    </ClInclude>
    <ClInclude Include="..\..\render\Render_GLES.h">
      <Filter>render</Filter>
    </ClInclude>
    <ClInclude Include="..\..\core\Macros.h">
      <Filter>core</Filter>
    </ClInclude>
    <ClInclude Include="..\..\core\Math.h">
      <Filter>core</Filter>
    </ClInclude>
    <ClInclude Include="..\..\core\Object.h">
      <Filter>core</Filter>
    </ClInclude>
    <ClInclude Include="..\..\core\Ref.h">
      <Filter>core</Filter>
    </ClInclude>
    <ClInclude Include="..\..\core\node\Scene.h">
      <Filter>core\node</Filter>
    </ClInclude>
    <ClInclude Include="..\..\render\RenderCommond.h">
      <Filter>render</Filter>
    </ClInclude>
    <ClInclude Include="..\..\third_partys\glew\include\GL\eglew.h">
      <Filter>third_partys\glew\GL</Filter>
    </ClInclude>
    <ClInclude Include="..\..\third_partys\glew\include\GL\glew.h">
      <Filter>third_partys\glew\GL</Filter>
    </ClInclude>
    <ClInclude Include="..\..\third_partys\glew\include\GL\glxew.h">
      <Filter>third_partys\glew\GL</Filter>
    </ClInclude>
    <ClInclude Include="..\..\third_partys\glew\include\GL\wglew.h">
      <Filter>third_partys\glew\GL</Filter>
    </ClInclude>
    <ClInclude Include="..\..\third_partys\sdl\include\begin_code.h">
      <Filter>third_partys\sdl</Filter>
    </ClInclude>
    <ClInclude Include="..\..\third_partys\sdl\include\close_code.h">
      <Filter>third_partys\sdl</Filter>
    </ClInclude>
    <ClInclude Include="..\..\third_partys\sdl\include\SDL.h">
      <Filter>third_partys\sdl</Filter>
    </ClInclude>
    <ClInclude Include="..\..\third_partys\sdl\include\SDL_assert.h">
      <Filter>third_partys\sdl</Filter>
    </ClInclude>
    <ClInclude Include="..\..\third_partys\sdl\include\SDL_atomic.h">
      <Filter>third_partys\sdl</Filter>
    </ClInclude>
    <ClInclude Include="..\..\third_partys\sdl\include\SDL_audio.h">
      <Filter>third_partys\sdl</Filter>
    </ClInclude>
    <ClInclude Include="..\..\third_partys\sdl\include\SDL_bits.h">
      <Filter>third_partys\sdl</Filter>
    </ClInclude>
    <ClInclude Include="..\..\third_partys\sdl\include\SDL_blendmode.h">
      <Filter>third_partys\sdl</Filter>
    </ClInclude>
    <ClInclude Include="..\..\third_partys\sdl\include\SDL_clipboard.h">
      <Filter>third_partys\sdl</Filter>
    </ClInclude>
    <ClInclude Include="..\..\third_partys\sdl\include\SDL_config.h">
      <Filter>third_partys\sdl</Filter>
    </ClInclude>
    <ClInclude Include="..\..\third_partys\sdl\include\SDL_cpuinfo.h">
      <Filter>third_partys\sdl</Filter>
    </ClInclude>
    <ClInclude Include="..\..\third_partys\sdl\include\SDL_egl.h">
      <Filter>third_partys\sdl</Filter>
    </ClInclude>
    <ClInclude Include="..\..\third_partys\sdl\include\SDL_endian.h">
      <Filter>third_partys\sdl</Filter>
    </ClInclude>
    <ClInclude Include="..\..\third_partys\sdl\include\SDL_error.h">
      <Filter>third_partys\sdl</Filter>
    </ClInclude>
    <ClInclude Include="..\..\third_partys\sdl\include\SDL_events.h">
      <Filter>third_partys\sdl</Filter>
    </ClInclude>
    <ClInclude Include="..\..\third_partys\sdl\include\SDL_filesystem.h">
      <Filter>third_partys\sdl</Filter>
    </ClInclude>
    <ClInclude Include="..\..\third_partys\sdl\include\SDL_gamecontroller.h">
      <Filter>third_partys\sdl</Filter>
    </ClInclude>
    <ClInclude Include="..\..\third_partys\sdl\include\SDL_gesture.h">
      <Filter>third_partys\sdl</Filter>
    </ClInclude>
    <ClInclude Include="..\..\third_partys\sdl\include\SDL_haptic.h">
      <Filter>third_partys\sdl</Filter>
    </ClInclude>
    <ClInclude Include="..\..\third_partys\sdl\include\SDL_hints.h">
      <Filter>third_partys\sdl</Filter>
    </ClInclude>
    <ClInclude Include="..\..\third_partys\sdl\include\SDL_joystick.h">
      <Filter>third_partys\sdl</Filter>
    </ClInclude>
    <ClInclude Include="..\..\third_partys\sdl\include\SDL_keyboard.h">
      <Filter>third_partys\sdl</Filter>
    </ClInclude>
    <ClInclude Include="..\..\third_partys\sdl\include\SDL_keycode.h">
      <Filter>third_partys\sdl</Filter>
    </ClInclude>
    <ClInclude Include="..\..\third_partys\sdl\include\SDL_loadso.h">
      <Filter>third_partys\sdl</Filter>
    </ClInclude>
    <ClInclude Include="..\..\third_partys\sdl\include\SDL_log.h">
      <Filter>third_partys\sdl</Filter>
    </ClInclude>
    <ClInclude Include="..\..\third_partys\sdl\include\SDL_main.h">
      <Filter>third_partys\sdl</Filter>
    </ClInclude>
    <ClInclude Include="..\..\third_partys\sdl\include\SDL_messagebox.h">
      <Filter>third_partys\sdl</Filter>
    </ClInclude>
    <ClInclude Include="..\..\third_partys\sdl\include\SDL_mouse.h">
      <Filter>third_partys\sdl</Filter>
    </ClInclude>
    <ClInclude Include="..\..\third_partys\sdl\include\SDL_mutex.h">
      <Filter>third_partys\sdl</Filter>
    </ClInclude>
    <ClInclude Include="..\..\third_partys\sdl\include\SDL_name.h">
      <Filter>third_partys\sdl</Filter>
    </ClInclude>
    <ClInclude Include="..\..\third_partys\sdl\include\SDL_opengl.h">
      <Filter>third_partys\sdl</Filter>
    </ClInclude>
    <ClInclude Include="..\..\third_partys\sdl\include\SDL_opengl_glext.h">
      <Filter>third_partys\sdl</Filter>
    </ClInclude>
    <ClInclude Include="..\..\third_partys\sdl\include\SDL_opengles.h">
      <Filter>third_partys\sdl</Filter>
    </ClInclude>
    <ClInclude Include="..\..\third_partys\sdl\include\SDL_opengles2.h">
      <Filter>third_partys\sdl</Filter>
    </ClInclude>
    <ClInclude Include="..\..\third_partys\sdl\include\SDL_opengles2_gl2.h">
      <Filter>third_partys\sdl</Filter>
    </ClInclude>
    <ClInclude Include="..\..\third_partys\sdl\include\SDL_opengles2_gl2ext.h">
      <Filter>third_partys\sdl</Filter>
    </ClInclude>
    <ClInclude Include="..\..\third_partys\sdl\include\SDL_opengles2_gl2platform.h">
      <Filter>third_partys\sdl</Filter>
    </ClInclude>
    <ClInclude Include="..\..\third_partys\sdl\include\SDL_opengles2_khrplatform.h">
      <Filter>third_partys\sdl</Filter>
    </ClInclude>
    <ClInclude Include="..\..\third_partys\sdl\include\SDL_pixels.h">
      <Filter>third_partys\sdl</Filter>
    </ClInclude>
    <ClInclude Include="..\..\third_partys\sdl\include\SDL_platform.h">
      <Filter>third_partys\sdl</Filter>
    </ClInclude>
    <ClInclude Include="..\..\third_partys\sdl\include\SDL_power.h">
      <Filter>third_partys\sdl</Filter>
    </ClInclude>
    <ClInclude Include="..\..\third_partys\sdl\include\SDL_quit.h">
      <Filter>third_partys\sdl</Filter>
    </ClInclude>
    <ClInclude Include="..\..\third_partys\sdl\include\SDL_rect.h">
      <Filter>third_partys\sdl</Filter>
    </ClInclude>
    <ClInclude Include="..\..\third_partys\sdl\include\SDL_render.h">
      <Filter>third_partys\sdl</Filter>
    </ClInclude>
    <ClInclude Include="..\..\third_partys\sdl\include\SDL_revision.h">
      <Filter>third_partys\sdl</Filter>
    </ClInclude>
    <ClInclude Include="..\..\third_partys\sdl\include\SDL_rwops.h">
      <Filter>third_partys\sdl</Filter>
    </ClInclude>
    <ClInclude Include="..\..\third_partys\sdl\include\SDL_scancode.h">
      <Filter>third_partys\sdl</Filter>
    </ClInclude>
    <ClInclude Include="..\..\third_partys\sdl\include\SDL_shape.h">
      <Filter>third_partys\sdl</Filter>
    </ClInclude>
    <ClInclude Include="..\..\third_partys\sdl\include\SDL_stdinc.h">
      <Filter>third_partys\sdl</Filter>
    </ClInclude>
    <ClInclude Include="..\..\third_partys\sdl\include\SDL_surface.h">
      <Filter>third_partys\sdl</Filter>
    </ClInclude>
    <ClInclude Include="..\..\third_partys\sdl\include\SDL_system.h">
      <Filter>third_partys\sdl</Filter>
    </ClInclude>
    <ClInclude Include="..\..\third_partys\sdl\include\SDL_syswm.h">
      <Filter>third_partys\sdl</Filter>
    </ClInclude>
    <ClInclude Include="..\..\third_partys\sdl\include\SDL_test.h">
      <Filter>third_partys\sdl</Filter>
    </ClInclude>
    <ClInclude Include="..\..\third_partys\sdl\include\SDL_test_assert.h">
      <Filter>third_partys\sdl</Filter>
    </ClInclude>
    <ClInclude Include="..\..\third_partys\sdl\include\SDL_test_common.h">
      <Filter>third_partys\sdl</Filter>
    </ClInclude>
    <ClInclude Include="..\..\third_partys\sdl\include\SDL_test_compare.h">
      <Filter>third_partys\sdl</Filter>
    </ClInclude>
    <ClInclude Include="..\..\third_partys\sdl\include\SDL_test_crc32.h">
      <Filter>third_partys\sdl</Filter>
    </ClInclude>
    <ClInclude Include="..\..\third_partys\sdl\include\SDL_test_font.h">
      <Filter>third_partys\sdl</Filter>
    </ClInclude>
    <ClInclude Include="..\..\third_partys\sdl\include\SDL_test_fuzzer.h">
      <Filter>third_partys\sdl</Filter>
    </ClInclude>
    <ClInclude Include="..\..\third_partys\sdl\include\SDL_test_harness.h">
      <Filter>third_partys\sdl</Filter>
    </ClInclude>
    <ClInclude Include="..\..\third_partys\sdl\include\SDL_test_images.h">
      <Filter>third_partys\sdl</Filter>
    </ClInclude>
    <ClInclude Include="..\..\third_partys\sdl\include\SDL_test_log.h">
      <Filter>third_partys\sdl</Filter>
    </ClInclude>
    <ClInclude Include="..\..\third_partys\sdl\include\SDL_test_md5.h">
      <Filter>third_partys\sdl</Filter>
    </ClInclude>
    <ClInclude Include="..\..\third_partys\sdl\include\SDL_test_random.h">
      <Filter>third_partys\sdl</Filter>
    </ClInclude>
    <ClInclude Include="..\..\third_partys\sdl\include\SDL_thread.h">
      <Filter>third_partys\sdl</Filter>
    </ClInclude>
    <ClInclude Include="..\..\third_partys\sdl\include\SDL_timer.h">
      <Filter>third_partys\sdl</Filter>
    </ClInclude>
    <ClInclude Include="..\..\third_partys\sdl\include\SDL_touch.h">
      <Filter>third_partys\sdl</Filter>
    </ClInclude>
    <ClInclude Include="..\..\third_partys\sdl\include\SDL_types.h">
      <Filter>third_partys\sdl</Filter>
    </ClInclude>
    <ClInclude Include="..\..\third_partys\sdl\include\SDL_version.h">
      <Filter>third_partys\sdl</Filter>
    </ClInclude>
    <ClInclude Include="..\..\third_partys\sdl\include\SDL_video.h">
      <Filter>third_partys\sdl</Filter>
    </ClInclude>
    <ClInclude Include="..\..\render\Program.h">
      <Filter>render</Filter>
    </ClInclude>
  </ItemGroup>
</Project>